
Microsoft Visual Studio Solution File, Format Version 12.00
# Visual Studio 14
VisualStudioVersion = 14.0.25420.1
MinimumVisualStudioVersion = 10.0.40219.1
Project("{FAE04EC0-301F-11D3-BF4B-00C04F79EFBC}") = "Greeter", "Greeter\Greeter.csproj", "{724DFC8C-4B57-4C3F-811C-0463BE2A2829}"
EndProject
Project("{FAE04EC0-301F-11D3-BF4B-00C04F79EFBC}") = "GreeterServer", "GreeterServer\GreeterServer.csproj", "{A7706C84-92D2-4B7A-B779-76B64D2950EC}"
EndProject
Project("{FAE04EC0-301F-11D3-BF4B-00C04F79EFBC}") = "GreeterClient", "GreeterClient\GreeterClient.csproj", "{ACCF4597-3748-4117-8633-1CB767F8CCC3}"
EndProject
Project("{FAE04EC0-301F-11D3-BF4B-00C04F79EFBC}") = "Chat", "Chat\Chat.csproj", "{095F48B6-4052-4646-A529-4B94DEE79FCC}"
EndProject
Project("{FAE04EC0-301F-11D3-BF4B-00C04F79EFBC}") = "ChatServer", "ChatServer\ChatServer.csproj", "{E40B67EB-9323-4EC4-B236-BAB87756401D}"
EndProject
Project("{FAE04EC0-301F-11D3-BF4B-00C04F79EFBC}") = "ChatWindowsClient", "ChatWindowsClient\ChatWindowsClient.csproj", "{EF8975DD-019D-406E-AFD9-69412084AFF1}"
EndProject
Global
	GlobalSection(SolutionConfigurationPlatforms) = preSolution
		Debug|Any CPU = Debug|Any CPU
		Release|Any CPU = Release|Any CPU
	EndGlobalSection
	GlobalSection(ProjectConfigurationPlatforms) = postSolution
		{724DFC8C-4B57-4C3F-811C-0463BE2A2829}.Debug|Any CPU.ActiveCfg = Debug|Any CPU
		{724DFC8C-4B57-4C3F-811C-0463BE2A2829}.Debug|Any CPU.Build.0 = Debug|Any CPU
		{724DFC8C-4B57-4C3F-811C-0463BE2A2829}.Release|Any CPU.ActiveCfg = Release|Any CPU
		{724DFC8C-4B57-4C3F-811C-0463BE2A2829}.Release|Any CPU.Build.0 = Release|Any CPU
		{A7706C84-92D2-4B7A-B779-76B64D2950EC}.Debug|Any CPU.ActiveCfg = Debug|Any CPU
		{A7706C84-92D2-4B7A-B779-76B64D2950EC}.Debug|Any CPU.Build.0 = Debug|Any CPU
		{A7706C84-92D2-4B7A-B779-76B64D2950EC}.Release|Any CPU.ActiveCfg = Release|Any CPU
		{A7706C84-92D2-4B7A-B779-76B64D2950EC}.Release|Any CPU.Build.0 = Release|Any CPU
		{ACCF4597-3748-4117-8633-1CB767F8CCC3}.Debug|Any CPU.ActiveCfg = Debug|Any CPU
		{ACCF4597-3748-4117-8633-1CB767F8CCC3}.Debug|Any CPU.Build.0 = Debug|Any CPU
		{ACCF4597-3748-4117-8633-1CB767F8CCC3}.Release|Any CPU.ActiveCfg = Release|Any CPU
		{ACCF4597-3748-4117-8633-1CB767F8CCC3}.Release|Any CPU.Build.0 = Release|Any CPU
		{095F48B6-4052-4646-A529-4B94DEE79FCC}.Debug|Any CPU.ActiveCfg = Debug|Any CPU
		{095F48B6-4052-4646-A529-4B94DEE79FCC}.Debug|Any CPU.Build.0 = Debug|Any CPU
		{095F48B6-4052-4646-A529-4B94DEE79FCC}.Release|Any CPU.ActiveCfg = Release|Any CPU
		{095F48B6-4052-4646-A529-4B94DEE79FCC}.Release|Any CPU.Build.0 = Release|Any CPU
		{E40B67EB-9323-4EC4-B236-BAB87756401D}.Debug|Any CPU.ActiveCfg = Debug|Any CPU
		{E40B67EB-9323-4EC4-B236-BAB87756401D}.Debug|Any CPU.Build.0 = Debug|Any CPU
		{E40B67EB-9323-4EC4-B236-BAB87756401D}.Release|Any CPU.ActiveCfg = Release|Any CPU
		{E40B67EB-9323-4EC4-B236-BAB87756401D}.Release|Any CPU.Build.0 = Release|Any CPU
		{EF8975DD-019D-406E-AFD9-69412084AFF1}.Debug|Any CPU.ActiveCfg = Debug|Any CPU
		{EF8975DD-019D-406E-AFD9-69412084AFF1}.Debug|Any CPU.Build.0 = Debug|Any CPU
		{EF8975DD-019D-406E-AFD9-69412084AFF1}.Release|Any CPU.ActiveCfg = Release|Any CPU
		{EF8975DD-019D-406E-AFD9-69412084AFF1}.Release|Any CPU.Build.0 = Release|Any CPU
	EndGlobalSection
	GlobalSection(SolutionProperties) = preSolution
		HideSolutionNode = FALSE
	EndGlobalSection
	GlobalSection(MonoDevelopProperties) = preSolution
		StartupItem = Greeter\Greeter.csproj
	EndGlobalSection
EndGlobal
